// !$*UTF8*$!
{
	archiveVersion = 1;
	classes = {
	};
	objectVersion = 46;
	objects = {

/* Begin PBXBuildFile section */
		1951F6471934E7E3009D167C /* Foundation.framework in Frameworks */ = {isa = PBXBuildFile; fileRef = 1951F6461934E7E3009D167C /* Foundation.framework */; };
		1951F6491934E7E3009D167C /* CoreGraphics.framework in Frameworks */ = {isa = PBXBuildFile; fileRef = 1951F6481934E7E3009D167C /* CoreGraphics.framework */; };
		1951F64B1934E7E3009D167C /* UIKit.framework in Frameworks */ = {isa = PBXBuildFile; fileRef = 1951F64A1934E7E3009D167C /* UIKit.framework */; };
		1951F6511934E7E3009D167C /* InfoPlist.strings in Resources */ = {isa = PBXBuildFile; fileRef = 1951F64F1934E7E3009D167C /* InfoPlist.strings */; };
		1951F6531934E7E3009D167C /* main.m in Sources */ = {isa = PBXBuildFile; fileRef = 1951F6521934E7E3009D167C /* main.m */; };
		1951F6571934E7E3009D167C /* AppDelegate.m in Sources */ = {isa = PBXBuildFile; fileRef = 1951F6561934E7E3009D167C /* AppDelegate.m */; };
		1951F65A1934E7E3009D167C /* Main_iPhone.storyboard in Resources */ = {isa = PBXBuildFile; fileRef = 1951F6581934E7E3009D167C /* Main_iPhone.storyboard */; };
		1951F65D1934E7E3009D167C /* Main_iPad.storyboard in Resources */ = {isa = PBXBuildFile; fileRef = 1951F65B1934E7E3009D167C /* Main_iPad.storyboard */; };
		1951F6601934E7E3009D167C /* ViewController.m in Sources */ = {isa = PBXBuildFile; fileRef = 1951F65F1934E7E3009D167C /* ViewController.m */; };
		1951F6621934E7E3009D167C /* Images.xcassets in Resources */ = {isa = PBXBuildFile; fileRef = 1951F6611934E7E3009D167C /* Images.xcassets */; };
		1951F6691934E7E3009D167C /* XCTest.framework in Frameworks */ = {isa = PBXBuildFile; fileRef = 1951F6681934E7E3009D167C /* XCTest.framework */; };
		1951F66A1934E7E3009D167C /* Foundation.framework in Frameworks */ = {isa = PBXBuildFile; fileRef = 1951F6461934E7E3009D167C /* Foundation.framework */; };
		1951F66B1934E7E3009D167C /* UIKit.framework in Frameworks */ = {isa = PBXBuildFile; fileRef = 1951F64A1934E7E3009D167C /* UIKit.framework */; };
		1951F6731934E7E3009D167C /* InfoPlist.strings in Resources */ = {isa = PBXBuildFile; fileRef = 1951F6711934E7E3009D167C /* InfoPlist.strings */; };
		1951F6751934E7E3009D167C /* _5_MiniNavTests.m in Sources */ = {isa = PBXBuildFile; fileRef = 1951F6741934E7E3009D167C /* _5_MiniNavTests.m */; };
		1951F6801934E95E009D167C /* myView.m in Sources */ = {isa = PBXBuildFile; fileRef = 1951F67F1934E95E009D167C /* myView.m */; };
/* End PBXBuildFile section */

/* Begin PBXContainerItemProxy section */
		1951F66C1934E7E3009D167C /* PBXContainerItemProxy */ = {
			isa = PBXContainerItemProxy;
			containerPortal = 1951F63B1934E7E3009D167C /* Project object */;
			proxyType = 1;
			remoteGlobalIDString = 1951F6421934E7E3009D167C;
			remoteInfo = "05-MiniNav";
		};
/* End PBXContainerItemProxy section */

/* Begin PBXFileReference section */
		1951F6431934E7E3009D167C /* 05-MiniNav.app */ = {isa = PBXFileReference; explicitFileType = wrapper.application; includeInIndex = 0; path = "05-MiniNav.app"; sourceTree = BUILT_PRODUCTS_DIR; };
		1951F6461934E7E3009D167C /* Foundation.framework */ = {isa = PBXFileReference; lastKnownFileType = wrapper.framework; name = Foundation.framework; path = System/Library/Frameworks/Foundation.framework; sourceTree = SDKROOT; };
		1951F6481934E7E3009D167C /* CoreGraphics.framework */ = {isa = PBXFileReference; lastKnownFileType = wrapper.framework; name = CoreGraphics.framework; path = System/Library/Frameworks/CoreGraphics.framework; sourceTree = SDKROOT; };
		1951F64A1934E7E3009D167C /* UIKit.framework */ = {isa = PBXFileReference; lastKnownFileType = wrapper.framework; name = UIKit.framework; path = System/Library/Frameworks/UIKit.framework; sourceTree = SDKROOT; };
		1951F64E1934E7E3009D167C /* 05-MiniNav-Info.plist */ = {isa = PBXFileReference; lastKnownFileType = text.plist.xml; path = "05-MiniNav-Info.plist"; sourceTree = "<group>"; };
		1951F6501934E7E3009D167C /* en */ = {isa = PBXFileReference; lastKnownFileType = text.plist.strings; name = en; path = en.lproj/InfoPlist.strings; sourceTree = "<group>"; };
		1951F6521934E7E3009D167C /* main.m */ = {isa = PBXFileReference; lastKnownFileType = sourcecode.c.objc; path = main.m; sourceTree = "<group>"; };
		1951F6541934E7E3009D167C /* 05-MiniNav-Prefix.pch */ = {isa = PBXFileReference; lastKnownFileType = sourcecode.c.h; path = "05-MiniNav-Prefix.pch"; sourceTree = "<group>"; };
		1951F6551934E7E3009D167C /* AppDelegate.h */ = {isa = PBXFileReference; lastKnownFileType = sourcecode.c.h; path = AppDelegate.h; sourceTree = "<group>"; };
		1951F6561934E7E3009D167C /* AppDelegate.m */ = {isa = PBXFileReference; lastKnownFileType = sourcecode.c.objc; path = AppDelegate.m; sourceTree = "<group>"; };
		1951F6591934E7E3009D167C /* Base */ = {isa = PBXFileReference; lastKnownFileType = file.storyboard; name = Base; path = Base.lproj/Main_iPhone.storyboard; sourceTree = "<group>"; };
		1951F65C1934E7E3009D167C /* Base */ = {isa = PBXFileReference; lastKnownFileType = file.storyboard; name = Base; path = Base.lproj/Main_iPad.storyboard; sourceTree = "<group>"; };
		1951F65E1934E7E3009D167C /* ViewController.h */ = {isa = PBXFileReference; lastKnownFileType = sourcecode.c.h; path = ViewController.h; sourceTree = "<group>"; };
		1951F65F1934E7E3009D167C /* ViewController.m */ = {isa = PBXFileReference; lastKnownFileType = sourcecode.c.objc; path = ViewController.m; sourceTree = "<group>"; };
		1951F6611934E7E3009D167C /* Images.xcassets */ = {isa = PBXFileReference; lastKnownFileType = folder.assetcatalog; path = Images.xcassets; sourceTree = "<group>"; };
		1951F6671934E7E3009D167C /* 05-MiniNavTests.xctest */ = {isa = PBXFileReference; explicitFileType = wrapper.cfbundle; includeInIndex = 0; path = "05-MiniNavTests.xctest"; sourceTree = BUILT_PRODUCTS_DIR; };
		1951F6681934E7E3009D167C /* XCTest.framework */ = {isa = PBXFileReference; lastKnownFileType = wrapper.framework; name = XCTest.framework; path = Library/Frameworks/XCTest.framework; sourceTree = DEVELOPER_DIR; };
		1951F6701934E7E3009D167C /* 05-MiniNavTests-Info.plist */ = {isa = PBXFileReference; lastKnownFileType = text.plist.xml; path = "05-MiniNavTests-Info.plist"; sourceTree = "<group>"; };
		1951F6721934E7E3009D167C /* en */ = {isa = PBXFileReference; lastKnownFileType = text.plist.strings; name = en; path = en.lproj/InfoPlist.strings; sourceTree = "<group>"; };
		1951F6741934E7E3009D167C /* _5_MiniNavTests.m */ = {isa = PBXFileReference; lastKnownFileType = sourcecode.c.objc; path = _5_MiniNavTests.m; sourceTree = "<group>"; };
		1951F67E1934E95E009D167C /* myView.h */ = {isa = PBXFileReference; fileEncoding = 4; lastKnownFileType = sourcecode.c.h; path = myView.h; sourceTree = "<group>"; };
		1951F67F1934E95E009D167C /* myView.m */ = {isa = PBXFileReference; fileEncoding = 4; lastKnownFileType = sourcecode.c.objc; path = myView.m; sourceTree = "<group>"; };
/* End PBXFileReference section */

/* Begin PBXFrameworksBuildPhase section */
		1951F6401934E7E3009D167C /* Frameworks */ = {
			isa = PBXFrameworksBuildPhase;
			buildActionMask = 2147483647;
			files = (
				1951F6491934E7E3009D167C /* CoreGraphics.framework in Frameworks */,
				1951F64B1934E7E3009D167C /* UIKit.framework in Frameworks */,
				1951F6471934E7E3009D167C /* Foundation.framework in Frameworks */,
			);
			runOnlyForDeploymentPostprocessing = 0;
		};
		1951F6641934E7E3009D167C /* Frameworks */ = {
			isa = PBXFrameworksBuildPhase;
			buildActionMask = 2147483647;
			files = (
				1951F6691934E7E3009D167C /* XCTest.framework in Frameworks */,
				1951F66B1934E7E3009D167C /* UIKit.framework in Frameworks */,
				1951F66A1934E7E3009D167C /* Foundation.framework in Frameworks */,
			);
			runOnlyForDeploymentPostprocessing = 0;
		};
/* End PBXFrameworksBuildPhase section */

/* Begin PBXGroup section */
		1951F63A1934E7E3009D167C = {
			isa = PBXGroup;
			children = (
				1951F64C1934E7E3009D167C /* 05-MiniNav */,
				1951F66E1934E7E3009D167C /* 05-MiniNavTests */,
				1951F6451934E7E3009D167C /* Frameworks */,
				1951F6441934E7E3009D167C /* Products */,
			);
			sourceTree = "<group>";
		};
		1951F6441934E7E3009D167C /* Products */ = {
			isa = PBXGroup;
			children = (
				1951F6431934E7E3009D167C /* 05-MiniNav.app */,
				1951F6671934E7E3009D167C /* 05-MiniNavTests.xctest */,
			);
			name = Products;
			sourceTree = "<group>";
		};
		1951F6451934E7E3009D167C /* Frameworks */ = {
			isa = PBXGroup;
			children = (
				1951F6461934E7E3009D167C /* Foundation.framework */,
				1951F6481934E7E3009D167C /* CoreGraphics.framework */,
				1951F64A1934E7E3009D167C /* UIKit.framework */,
				1951F6681934E7E3009D167C /* XCTest.framework */,
			);
			name = Frameworks;
			sourceTree = "<group>";
		};
		1951F64C1934E7E3009D167C /* 05-MiniNav */ = {
			isa = PBXGroup;
			children = (
				1951F6551934E7E3009D167C /* AppDelegate.h */,
				1951F6561934E7E3009D167C /* AppDelegate.m */,
				1951F6581934E7E3009D167C /* Main_iPhone.storyboard */,
				1951F65B1934E7E3009D167C /* Main_iPad.storyboard */,
				1951F65E1934E7E3009D167C /* ViewController.h */,
				1951F65F1934E7E3009D167C /* ViewController.m */,
				1951F67E1934E95E009D167C /* myView.h */,
				1951F67F1934E95E009D167C /* myView.m */,
				1951F6611934E7E3009D167C /* Images.xcassets */,
				1951F64D1934E7E3009D167C /* Supporting Files */,
			);
			path = "05-MiniNav";
			sourceTree = "<group>";
		};
		1951F64D1934E7E3009D167C /* Supporting Files */ = {
			isa = PBXGroup;
			children = (
				1951F64E1934E7E3009D167C /* 05-MiniNav-Info.plist */,
				1951F64F1934E7E3009D167C /* InfoPlist.strings */,
				1951F6521934E7E3009D167C /* main.m */,
				1951F6541934E7E3009D167C /* 05-MiniNav-Prefix.pch */,
			);
			name = "Supporting Files";
			sourceTree = "<group>";
		};
		1951F66E1934E7E3009D167C /* 05-MiniNavTests */ = {
			isa = PBXGroup;
			children = (
				1951F6741934E7E3009D167C /* _5_MiniNavTests.m */,
				1951F66F1934E7E3009D167C /* Supporting Files */,
			);
			path = "05-MiniNavTests";
			sourceTree = "<group>";
		};
		1951F66F1934E7E3009D167C /* Supporting Files */ = {
			isa = PBXGroup;
			children = (
				1951F6701934E7E3009D167C /* 05-MiniNavTests-Info.plist */,
				1951F6711934E7E3009D167C /* InfoPlist.strings */,
			);
			name = "Supporting Files";
			sourceTree = "<group>";
		};
/* End PBXGroup section */

/* Begin PBXNativeTarget section */
		1951F6421934E7E3009D167C /* 05-MiniNav */ = {
			isa = PBXNativeTarget;
			buildConfigurationList = 1951F6781934E7E3009D167C /* Build configuration list for PBXNativeTarget "05-MiniNav" */;
			buildPhases = (
				1951F63F1934E7E3009D167C /* Sources */,
				1951F6401934E7E3009D167C /* Frameworks */,
				1951F6411934E7E3009D167C /* Resources */,
			);
			buildRules = (
			);
			dependencies = (
			);
			name = "05-MiniNav";
			productName = "05-MiniNav";
			productReference = 1951F6431934E7E3009D167C /* 05-MiniNav.app */;
			productType = "com.apple.product-type.application";
		};
		1951F6661934E7E3009D167C /* 05-MiniNavTests */ = {
			isa = PBXNativeTarget;
			buildConfigurationList = 1951F67B1934E7E3009D167C /* Build configuration list for PBXNativeTarget "05-MiniNavTests" */;
			buildPhases = (
				1951F6631934E7E3009D167C /* Sources */,
				1951F6641934E7E3009D167C /* Frameworks */,
				1951F6651934E7E3009D167C /* Resources */,
			);
			buildRules = (
			);
			dependencies = (
				1951F66D1934E7E3009D167C /* PBXTargetDependency */,
			);
			name = "05-MiniNavTests";
			productName = "05-MiniNavTests";
			productReference = 1951F6671934E7E3009D167C /* 05-MiniNavTests.xctest */;
			productType = "com.apple.product-type.bundle.unit-test";
		};
/* End PBXNativeTarget section */

/* Begin PBXProject section */
		1951F63B1934E7E3009D167C /* Project object */ = {
			isa = PBXProject;
			attributes = {
				LastUpgradeCheck = 0510;
				ORGANIZATIONNAME = GromiNet;
				TargetAttributes = {
					1951F6661934E7E3009D167C = {
						TestTargetID = 1951F6421934E7E3009D167C;
					};
				};
			};
			buildConfigurationList = 1951F63E1934E7E3009D167C /* Build configuration list for PBXProject "05-MiniNav" */;
			compatibilityVersion = "Xcode 3.2";
			developmentRegion = English;
			hasScannedForEncodings = 0;
			knownRegions = (
				en,
				Base,
			);
			mainGroup = 1951F63A1934E7E3009D167C;
			productRefGroup = 1951F6441934E7E3009D167C /* Products */;
			projectDirPath = "";
			projectRoot = "";
			targets = (
				1951F6421934E7E3009D167C /* 05-MiniNav */,
				1951F6661934E7E3009D167C /* 05-MiniNavTests */,
			);
		};
/* End PBXProject section */

/* Begin PBXResourcesBuildPhase section */
		1951F6411934E7E3009D167C /* Resources */ = {
			isa = PBXResourcesBuildPhase;
			buildActionMask = 2147483647;
			files = (
				1951F65D1934E7E3009D167C /* Main_iPad.storyboard in Resources */,
				1951F6621934E7E3009D167C /* Images.xcassets in Resources */,
				1951F65A1934E7E3009D167C /* Main_iPhone.storyboard in Resources */,
				1951F6511934E7E3009D167C /* InfoPlist.strings in Resources */,
			);
			runOnlyForDeploymentPostprocessing = 0;
		};
		1951F6651934E7E3009D167C /* Resources */ = {
			isa = PBXResourcesBuildPhase;
			buildActionMask = 2147483647;
			files = (
				1951F6731934E7E3009D167C /* InfoPlist.strings in Resources */,
			);
			runOnlyForDeploymentPostprocessing = 0;
		};
/* End PBXResourcesBuildPhase section */

/* Begin PBXSourcesBuildPhase section */
		1951F63F1934E7E3009D167C /* Sources */ = {
			isa = PBXSourcesBuildPhase;
			buildActionMask = 2147483647;
			files = (
				1951F6801934E95E009D167C /* myView.m in Sources */,
				1951F6601934E7E3009D167C /* ViewController.m in Sources */,
				1951F6571934E7E3009D167C /* AppDelegate.m in Sources */,
				1951F6531934E7E3009D167C /* main.m in Sources */,
			);
			runOnlyForDeploymentPostprocessing = 0;
		};
		1951F6631934E7E3009D167C /* Sources */ = {
			isa = PBXSourcesBuildPhase;
			buildActionMask = 2147483647;
			files = (
				1951F6751934E7E3009D167C /* _5_MiniNavTests.m in Sources */,
			);
			runOnlyForDeploymentPostprocessing = 0;
		};
/* End PBXSourcesBuildPhase section */

/* Begin PBXTargetDependency section */
		1951F66D1934E7E3009D167C /* PBXTargetDependency */ = {
			isa = PBXTargetDependency;
			target = 1951F6421934E7E3009D167C /* 05-MiniNav */;
			targetProxy = 1951F66C1934E7E3009D167C /* PBXContainerItemProxy */;
		};
/* End PBXTargetDependency section */

/* Begin PBXVariantGroup section */
		1951F64F1934E7E3009D167C /* InfoPlist.strings */ = {
			isa = PBXVariantGroup;
			children = (
				1951F6501934E7E3009D167C /* en */,
			);
			name = InfoPlist.strings;
			sourceTree = "<group>";
		};
		1951F6581934E7E3009D167C /* Main_iPhone.storyboard */ = {
			isa = PBXVariantGroup;
			children = (
				1951F6591934E7E3009D167C /* Base */,
			);
			name = Main_iPhone.storyboard;
			sourceTree = "<group>";
		};
		1951F65B1934E7E3009D167C /* Main_iPad.storyboard */ = {
			isa = PBXVariantGroup;
			children = (
				1951F65C1934E7E3009D167C /* Base */,
			);
			name = Main_iPad.storyboard;
			sourceTree = "<group>";
		};
		1951F6711934E7E3009D167C /* InfoPlist.strings */ = {
			isa = PBXVariantGroup;
			children = (
				1951F6721934E7E3009D167C /* en */,
			);
			name = InfoPlist.strings;
			sourceTree = "<group>";
		};
/* End PBXVariantGroup section */

/* Begin XCBuildConfiguration section */
		1951F6761934E7E3009D167C /* Debug */ = {
			isa = XCBuildConfiguration;
			buildSettings = {
				ALWAYS_SEARCH_USER_PATHS = NO;
				CLANG_CXX_LANGUAGE_STANDARD = "gnu++0x";
				CLANG_CXX_LIBRARY = "libc++";
				CLANG_ENABLE_MODULES = YES;
				CLANG_ENABLE_OBJC_ARC = YES;
				CLANG_WARN_BOOL_CONVERSION = YES;
				CLANG_WARN_CONSTANT_CONVERSION = YES;
				CLANG_WARN_DIRECT_OBJC_ISA_USAGE = YES_ERROR;
				CLANG_WARN_EMPTY_BODY = YES;
				CLANG_WARN_ENUM_CONVERSION = YES;
				CLANG_WARN_INT_CONVERSION = YES;
				CLANG_WARN_OBJC_ROOT_CLASS = YES_ERROR;
				CLANG_WARN__DUPLICATE_METHOD_MATCH = YES;
				"CODE_SIGN_IDENTITY[sdk=iphoneos*]" = "iPhone Developer";
				COPY_PHASE_STRIP = NO;
				GCC_C_LANGUAGE_STANDARD = gnu99;
				GCC_DYNAMIC_NO_PIC = NO;
				GCC_OPTIMIZATION_LEVEL = 0;
				GCC_PREPROCESSOR_DEFINITIONS = (
					"DEBUG=1",
					"$(inherited)",
				);
				GCC_SYMBOLS_PRIVATE_EXTERN = NO;
				GCC_WARN_64_TO_32_BIT_CONVERSION = YES;
				GCC_WARN_ABOUT_RETURN_TYPE = YES_ERROR;
				GCC_WARN_UNDECLARED_SELECTOR = YES;
				GCC_WARN_UNINITIALIZED_AUTOS = YES_AGGRESSIVE;
				GCC_WARN_UNUSED_FUNCTION = YES;
				GCC_WARN_UNUSED_VARIABLE = YES;
				IPHONEOS_DEPLOYMENT_TARGET = 7.1;
				ONLY_ACTIVE_ARCH = YES;
				SDKROOT = iphoneos;
				TARGETED_DEVICE_FAMILY = "1,2";
			};
			name = Debug;
		};
		1951F6771934E7E3009D167C /* Release */ = {
			isa = XCBuildConfiguration;
			buildSettings = {
				ALWAYS_SEARCH_USER_PATHS = NO;
				CLANG_CXX_LANGUAGE_STANDARD = "gnu++0x";
				CLANG_CXX_LIBRARY = "libc++";
				CLANG_ENABLE_MODULES = YES;
				CLANG_ENABLE_OBJC_ARC = YES;
				CLANG_WARN_BOOL_CONVERSION = YES;
				CLANG_WARN_CONSTANT_CONVERSION = YES;
				CLANG_WARN_DIRECT_OBJC_ISA_USAGE = YES_ERROR;
				CLANG_WARN_EMPTY_BODY = YES;
				CLANG_WARN_ENUM_CONVERSION = YES;
				CLANG_WARN_INT_CONVERSION = YES;
				CLANG_WARN_OBJC_ROOT_CLASS = YES_ERROR;
				CLANG_WARN__DUPLICATE_METHOD_MATCH = YES;
				"CODE_SIGN_IDENTITY[sdk=iphoneos*]" = "iPhone Developer";
				COPY_PHASE_STRIP = YES;
				ENABLE_NS_ASSERTIONS = NO;
				GCC_C_LANGUAGE_STANDARD = gnu99;
				GCC_WARN_64_TO_32_BIT_CONVERSION = YES;
				GCC_WARN_ABOUT_RETURN_TYPE = YES_ERROR;
				GCC_WARN_UNDECLARED_SELECTOR = YES;
				GCC_WARN_UNINITIALIZED_AUTOS = YES_AGGRESSIVE;
				GCC_WARN_UNUSED_FUNCTION = YES;
				GCC_WARN_UNUSED_VARIABLE = YES;
				IPHONEOS_DEPLOYMENT_TARGET = 7.1;
				SDKROOT = iphoneos;
				TARGETED_DEVICE_FAMILY = "1,2";
				VALIDATE_PRODUCT = YES;
			};
			name = Release;
		};
		1951F6791934E7E3009D167C /* Debug */ = {
			isa = XCBuildConfiguration;
			buildSettings = {
				ASSETCATALOG_COMPILER_APPICON_NAME = AppIcon;
				ASSETCATALOG_COMPILER_LAUNCHIMAGE_NAME = LaunchImage;
				GCC_PRECOMPILE_PREFIX_HEADER = YES;
				GCC_PREFIX_HEADER = "05-MiniNav/05-MiniNav-Prefix.pch";
				INFOPLIST_FILE = "05-MiniNav/05-MiniNav-Info.plist";
				PRODUCT_NAME = "$(TARGET_NAME)";
				WRAPPER_EXTENSION = app;
			};
			name = Debug;
		};
		1951F67A1934E7E3009D167C /* Release */ = {
			isa = XCBuildConfiguration;
			buildSettings = {
				ASSETCATALOG_COMPILER_APPICON_NAME = AppIcon;
				ASSETCATALOG_COMPILER_LAUNCHIMAGE_NAME = LaunchImage;
				GCC_PRECOMPILE_PREFIX_HEADER = YES;
				GCC_PREFIX_HEADER = "05-MiniNav/05-MiniNav-Prefix.pch";
				INFOPLIST_FILE = "05-MiniNav/05-MiniNav-Info.plist";
				PRODUCT_NAME = "$(TARGET_NAME)";
				WRAPPER_EXTENSION = app;
			};
			name = Release;
		};
		1951F67C1934E7E3009D167C /* Debug */ = {
			isa = XCBuildConfiguration;
			buildSettings = {
				BUNDLE_LOADER = "$(BUILT_PRODUCTS_DIR)/05-MiniNav.app/05-MiniNav";
				FRAMEWORK_SEARCH_PATHS = (
					"$(SDKROOT)/Developer/Library/Frameworks",
					"$(inherited)",
					"$(DEVELOPER_FRAMEWORKS_DIR)",
				);
				GCC_PRECOMPILE_PREFIX_HEADER = YES;
				GCC_PREFIX_HEADER = "05-MiniNav/05-MiniNav-Prefix.pch";
				GCC_PREPROCESSOR_DEFINITIONS = (
					"DEBUG=1",
					"$(inherited)",
				);
				INFOPLIST_FILE = "05-MiniNavTests/05-MiniNavTests-Info.plist";
				PRODUCT_NAME = "$(TARGET_NAME)";
				TEST_HOST = "$(BUNDLE_LOADER)";
				WRAPPER_EXTENSION = xctest;
			};
			name = Debug;
		};
		1951F67D1934E7E3009D167C /* Release */ = {
			isa = XCBuildConfiguration;
			buildSettings = {
				BUNDLE_LOADER = "$(BUILT_PRODUCTS_DIR)/05-MiniNav.app/05-MiniNav";
				FRAMEWORK_SEARCH_PATHS = (
					"$(SDKROOT)/Developer/Library/Frameworks",
					"$(inherited)",
					"$(DEVELOPER_FRAMEWORKS_DIR)",
				);
				GCC_PRECOMPILE_PREFIX_HEADER = YES;
				GCC_PREFIX_HEADER = "05-MiniNav/05-MiniNav-Prefix.pch";
				INFOPLIST_FILE = "05-MiniNavTests/05-MiniNavTests-Info.plist";
				PRODUCT_NAME = "$(TARGET_NAME)";
				TEST_HOST = "$(BUNDLE_LOADER)";
				WRAPPER_EXTENSION = xctest;
			};
			name = Release;
		};
/* End XCBuildConfiguration section */

/* Begin XCConfigurationList section */
		1951F63E1934E7E3009D167C /* Build configuration list for PBXProject "05-MiniNav" */ = {
			isa = XCConfigurationList;
			buildConfigurations = (
				1951F6761934E7E3009D167C /* Debug */,
				1951F6771934E7E3009D167C /* Release */,
			);
			defaultConfigurationIsVisible = 0;
			defaultConfigurationName = Release;
		};
		1951F6781934E7E3009D167C /* Build configuration list for PBXNativeTarget "05-MiniNav" */ = {
			isa = XCConfigurationList;
			buildConfigurations = (
				1951F6791934E7E3009D167C /* Debug */,
				1951F67A1934E7E3009D167C /* Release */,
			);
			defaultConfigurationIsVisible = 0;
		};
		1951F67B1934E7E3009D167C /* Build configuration list for PBXNativeTarget "05-MiniNavTests" */ = {
			isa = XCConfigurationList;
			buildConfigurations = (
				1951F67C1934E7E3009D167C /* Debug */,
				1951F67D1934E7E3009D167C /* Release */,
			);
			defaultConfigurationIsVisible = 0;
		};
/* End XCConfigurationList section */
	};
	rootObject = 1951F63B1934E7E3009D167C /* Project object */;
}
